
Microsoft Visual Studio Solution File, Format Version 12.00
# Visual Studio 15
VisualStudioVersion = 15.0.27004.2009
MinimumVisualStudioVersion = 10.0.40219.1
Project("{FAE04EC0-301F-11D3-BF4B-00C04F79EFBC}") = "InfinityVesselMonitoringSoftware", "InfinityVesselMonitoringSoftware\InfinityVesselMonitoringSoftware.csproj", "{629077DA-426C-40A4-9073-378DD0D0DD6F}"
EndProject
Project("{FAE04EC0-301F-11D3-BF4B-00C04F79EFBC}") = "Controls", "Controls\Controls.csproj", "{BE74C59B-6793-4427-9EA8-279F960B5093}"
EndProject
Project("{FAE04EC0-301F-11D3-BF4B-00C04F79EFBC}") = "Gauges", "Gauges\Gauges.csproj", "{83F8D5C3-7D8A-4E64-A1DC-D717A3E35337}"
EndProject
Project("{FAE04EC0-301F-11D3-BF4B-00C04F79EFBC}") = "Globals", "Globals\Globals.csproj", "{84F92AEB-0C3D-465D-A3A1-ECB91F9BF588}"
EndProject
Project("{FAE04EC0-301F-11D3-BF4B-00C04F79EFBC}") = "Interfaces", "Interfaces\Interfaces.csproj", "{063EB013-E492-4CE7-B97A-09C3BE5EC2B7}"
EndProject
Project("{FAE04EC0-301F-11D3-BF4B-00C04F79EFBC}") = "SQLiteDB", "SQLiteDB\SQLiteDB.csproj", "{3EAB6225-C0FF-43F7-AD6A-87BD3BD5811C}"
EndProject
Project("{FAE04EC0-301F-11D3-BF4B-00C04F79EFBC}") = "Types", "Types\Types.csproj", "{BF83B7BE-6CCD-4B54-A1C3-4C2D7260E1C6}"
EndProject
Global
	GlobalSection(SolutionConfigurationPlatforms) = preSolution
		Debug|Any CPU = Debug|Any CPU
		Debug|ARM = Debug|ARM
		Debug|x64 = Debug|x64
		Debug|x86 = Debug|x86
		Release|Any CPU = Release|Any CPU
		Release|ARM = Release|ARM
		Release|x64 = Release|x64
		Release|x86 = Release|x86
	EndGlobalSection
	GlobalSection(ProjectConfigurationPlatforms) = postSolution
		{629077DA-426C-40A4-9073-378DD0D0DD6F}.Debug|Any CPU.ActiveCfg = Debug|x86
		{629077DA-426C-40A4-9073-378DD0D0DD6F}.Debug|ARM.ActiveCfg = Debug|ARM
		{629077DA-426C-40A4-9073-378DD0D0DD6F}.Debug|ARM.Build.0 = Debug|ARM
		{629077DA-426C-40A4-9073-378DD0D0DD6F}.Debug|ARM.Deploy.0 = Debug|ARM
		{629077DA-426C-40A4-9073-378DD0D0DD6F}.Debug|x64.ActiveCfg = Debug|x64
		{629077DA-426C-40A4-9073-378DD0D0DD6F}.Debug|x64.Build.0 = Debug|x64
		{629077DA-426C-40A4-9073-378DD0D0DD6F}.Debug|x64.Deploy.0 = Debug|x64
		{629077DA-426C-40A4-9073-378DD0D0DD6F}.Debug|x86.ActiveCfg = Debug|x86
		{629077DA-426C-40A4-9073-378DD0D0DD6F}.Debug|x86.Build.0 = Debug|x86
		{629077DA-426C-40A4-9073-378DD0D0DD6F}.Debug|x86.Deploy.0 = Debug|x86
		{629077DA-426C-40A4-9073-378DD0D0DD6F}.Release|Any CPU.ActiveCfg = Release|x86
		{629077DA-426C-40A4-9073-378DD0D0DD6F}.Release|ARM.ActiveCfg = Release|ARM
		{629077DA-426C-40A4-9073-378DD0D0DD6F}.Release|ARM.Build.0 = Release|ARM
		{629077DA-426C-40A4-9073-378DD0D0DD6F}.Release|ARM.Deploy.0 = Release|ARM
		{629077DA-426C-40A4-9073-378DD0D0DD6F}.Release|x64.ActiveCfg = Release|x64
		{629077DA-426C-40A4-9073-378DD0D0DD6F}.Release|x64.Build.0 = Release|x64
		{629077DA-426C-40A4-9073-378DD0D0DD6F}.Release|x64.Deploy.0 = Release|x64
		{629077DA-426C-40A4-9073-378DD0D0DD6F}.Release|x86.ActiveCfg = Release|x86
		{629077DA-426C-40A4-9073-378DD0D0DD6F}.Release|x86.Build.0 = Release|x86
		{629077DA-426C-40A4-9073-378DD0D0DD6F}.Release|x86.Deploy.0 = Release|x86
		{BE74C59B-6793-4427-9EA8-279F960B5093}.Debug|Any CPU.ActiveCfg = Debug|Any CPU
		{BE74C59B-6793-4427-9EA8-279F960B5093}.Debug|Any CPU.Build.0 = Debug|Any CPU
		{BE74C59B-6793-4427-9EA8-279F960B5093}.Debug|ARM.ActiveCfg = Debug|ARM
		{BE74C59B-6793-4427-9EA8-279F960B5093}.Debug|ARM.Build.0 = Debug|ARM
		{BE74C59B-6793-4427-9EA8-279F960B5093}.Debug|x64.ActiveCfg = Debug|x64
		{BE74C59B-6793-4427-9EA8-279F960B5093}.Debug|x64.Build.0 = Debug|x64
		{BE74C59B-6793-4427-9EA8-279F960B5093}.Debug|x86.ActiveCfg = Debug|x86
		{BE74C59B-6793-4427-9EA8-279F960B5093}.Debug|x86.Build.0 = Debug|x86
		{BE74C59B-6793-4427-9EA8-279F960B5093}.Release|Any CPU.ActiveCfg = Release|Any CPU
		{BE74C59B-6793-4427-9EA8-279F960B5093}.Release|Any CPU.Build.0 = Release|Any CPU
		{BE74C59B-6793-4427-9EA8-279F960B5093}.Release|ARM.ActiveCfg = Release|ARM
		{BE74C59B-6793-4427-9EA8-279F960B5093}.Release|ARM.Build.0 = Release|ARM
		{BE74C59B-6793-4427-9EA8-279F960B5093}.Release|x64.ActiveCfg = Release|x64
		{BE74C59B-6793-4427-9EA8-279F960B5093}.Release|x64.Build.0 = Release|x64
		{BE74C59B-6793-4427-9EA8-279F960B5093}.Release|x86.ActiveCfg = Release|x86
		{BE74C59B-6793-4427-9EA8-279F960B5093}.Release|x86.Build.0 = Release|x86
		{83F8D5C3-7D8A-4E64-A1DC-D717A3E35337}.Debug|Any CPU.ActiveCfg = Debug|Any CPU
		{83F8D5C3-7D8A-4E64-A1DC-D717A3E35337}.Debug|Any CPU.Build.0 = Debug|Any CPU
		{83F8D5C3-7D8A-4E64-A1DC-D717A3E35337}.Debug|ARM.ActiveCfg = Debug|ARM
		{83F8D5C3-7D8A-4E64-A1DC-D717A3E35337}.Debug|ARM.Build.0 = Debug|ARM
		{83F8D5C3-7D8A-4E64-A1DC-D717A3E35337}.Debug|x64.ActiveCfg = Debug|x64
		{83F8D5C3-7D8A-4E64-A1DC-D717A3E35337}.Debug|x64.Build.0 = Debug|x64
		{83F8D5C3-7D8A-4E64-A1DC-D717A3E35337}.Debug|x86.ActiveCfg = Debug|x86
		{83F8D5C3-7D8A-4E64-A1DC-D717A3E35337}.Debug|x86.Build.0 = Debug|x86
		{83F8D5C3-7D8A-4E64-A1DC-D717A3E35337}.Release|Any CPU.ActiveCfg = Release|Any CPU
		{83F8D5C3-7D8A-4E64-A1DC-D717A3E35337}.Release|Any CPU.Build.0 = Release|Any CPU
		{83F8D5C3-7D8A-4E64-A1DC-D717A3E35337}.Release|ARM.ActiveCfg = Release|ARM
		{83F8D5C3-7D8A-4E64-A1DC-D717A3E35337}.Release|ARM.Build.0 = Release|ARM
		{83F8D5C3-7D8A-4E64-A1DC-D717A3E35337}.Release|x64.ActiveCfg = Release|x64
		{83F8D5C3-7D8A-4E64-A1DC-D717A3E35337}.Release|x64.Build.0 = Release|x64
		{83F8D5C3-7D8A-4E64-A1DC-D717A3E35337}.Release|x86.ActiveCfg = Release|x86
		{83F8D5C3-7D8A-4E64-A1DC-D717A3E35337}.Release|x86.Build.0 = Release|x86
		{84F92AEB-0C3D-465D-A3A1-ECB91F9BF588}.Debug|Any CPU.ActiveCfg = Debug|Any CPU
		{84F92AEB-0C3D-465D-A3A1-ECB91F9BF588}.Debug|Any CPU.Build.0 = Debug|Any CPU
		{84F92AEB-0C3D-465D-A3A1-ECB91F9BF588}.Debug|ARM.ActiveCfg = Debug|ARM
		{84F92AEB-0C3D-465D-A3A1-ECB91F9BF588}.Debug|ARM.Build.0 = Debug|ARM
		{84F92AEB-0C3D-465D-A3A1-ECB91F9BF588}.Debug|x64.ActiveCfg = Debug|x64
		{84F92AEB-0C3D-465D-A3A1-ECB91F9BF588}.Debug|x64.Build.0 = Debug|x64
		{84F92AEB-0C3D-465D-A3A1-ECB91F9BF588}.Debug|x86.ActiveCfg = Debug|x86
		{84F92AEB-0C3D-465D-A3A1-ECB91F9BF588}.Debug|x86.Build.0 = Debug|x86
		{84F92AEB-0C3D-465D-A3A1-ECB91F9BF588}.Release|Any CPU.ActiveCfg = Release|Any CPU
		{84F92AEB-0C3D-465D-A3A1-ECB91F9BF588}.Release|Any CPU.Build.0 = Release|Any CPU
		{84F92AEB-0C3D-465D-A3A1-ECB91F9BF588}.Release|ARM.ActiveCfg = Release|ARM
		{84F92AEB-0C3D-465D-A3A1-ECB91F9BF588}.Release|ARM.Build.0 = Release|ARM
		{84F92AEB-0C3D-465D-A3A1-ECB91F9BF588}.Release|x64.ActiveCfg = Release|x64
		{84F92AEB-0C3D-465D-A3A1-ECB91F9BF588}.Release|x64.Build.0 = Release|x64
		{84F92AEB-0C3D-465D-A3A1-ECB91F9BF588}.Release|x86.ActiveCfg = Release|x86
		{84F92AEB-0C3D-465D-A3A1-ECB91F9BF588}.Release|x86.Build.0 = Release|x86
		{063EB013-E492-4CE7-B97A-09C3BE5EC2B7}.Debug|Any CPU.ActiveCfg = Debug|Any CPU
		{063EB013-E492-4CE7-B97A-09C3BE5EC2B7}.Debug|Any CPU.Build.0 = Debug|Any CPU
		{063EB013-E492-4CE7-B97A-09C3BE5EC2B7}.Debug|ARM.ActiveCfg = Debug|ARM
		{063EB013-E492-4CE7-B97A-09C3BE5EC2B7}.Debug|ARM.Build.0 = Debug|ARM
		{063EB013-E492-4CE7-B97A-09C3BE5EC2B7}.Debug|x64.ActiveCfg = Debug|x64
		{063EB013-E492-4CE7-B97A-09C3BE5EC2B7}.Debug|x64.Build.0 = Debug|x64
		{063EB013-E492-4CE7-B97A-09C3BE5EC2B7}.Debug|x86.ActiveCfg = Debug|x86
		{063EB013-E492-4CE7-B97A-09C3BE5EC2B7}.Debug|x86.Build.0 = Debug|x86
		{063EB013-E492-4CE7-B97A-09C3BE5EC2B7}.Release|Any CPU.ActiveCfg = Release|Any CPU
		{063EB013-E492-4CE7-B97A-09C3BE5EC2B7}.Release|Any CPU.Build.0 = Release|Any CPU
		{063EB013-E492-4CE7-B97A-09C3BE5EC2B7}.Release|ARM.ActiveCfg = Release|ARM
		{063EB013-E492-4CE7-B97A-09C3BE5EC2B7}.Release|ARM.Build.0 = Release|ARM
		{063EB013-E492-4CE7-B97A-09C3BE5EC2B7}.Release|x64.ActiveCfg = Release|x64
		{063EB013-E492-4CE7-B97A-09C3BE5EC2B7}.Release|x64.Build.0 = Release|x64
		{063EB013-E492-4CE7-B97A-09C3BE5EC2B7}.Release|x86.ActiveCfg = Release|x86
		{063EB013-E492-4CE7-B97A-09C3BE5EC2B7}.Release|x86.Build.0 = Release|x86
		{3EAB6225-C0FF-43F7-AD6A-87BD3BD5811C}.Debug|Any CPU.ActiveCfg = Debug|Any CPU
		{3EAB6225-C0FF-43F7-AD6A-87BD3BD5811C}.Debug|Any CPU.Build.0 = Debug|Any CPU
		{3EAB6225-C0FF-43F7-AD6A-87BD3BD5811C}.Debug|ARM.ActiveCfg = Debug|ARM
		{3EAB6225-C0FF-43F7-AD6A-87BD3BD5811C}.Debug|ARM.Build.0 = Debug|ARM
		{3EAB6225-C0FF-43F7-AD6A-87BD3BD5811C}.Debug|x64.ActiveCfg = Debug|x64
		{3EAB6225-C0FF-43F7-AD6A-87BD3BD5811C}.Debug|x64.Build.0 = Debug|x64
		{3EAB6225-C0FF-43F7-AD6A-87BD3BD5811C}.Debug|x86.ActiveCfg = Debug|x86
		{3EAB6225-C0FF-43F7-AD6A-87BD3BD5811C}.Debug|x86.Build.0 = Debug|x86
		{3EAB6225-C0FF-43F7-AD6A-87BD3BD5811C}.Release|Any CPU.ActiveCfg = Release|Any CPU
		{3EAB6225-C0FF-43F7-AD6A-87BD3BD5811C}.Release|Any CPU.Build.0 = Release|Any CPU
		{3EAB6225-C0FF-43F7-AD6A-87BD3BD5811C}.Release|ARM.ActiveCfg = Release|ARM
		{3EAB6225-C0FF-43F7-AD6A-87BD3BD5811C}.Release|ARM.Build.0 = Release|ARM
		{3EAB6225-C0FF-43F7-AD6A-87BD3BD5811C}.Release|x64.ActiveCfg = Release|x64
		{3EAB6225-C0FF-43F7-AD6A-87BD3BD5811C}.Release|x64.Build.0 = Release|x64
		{3EAB6225-C0FF-43F7-AD6A-87BD3BD5811C}.Release|x86.ActiveCfg = Release|x86
		{3EAB6225-C0FF-43F7-AD6A-87BD3BD5811C}.Release|x86.Build.0 = Release|x86
		{BF83B7BE-6CCD-4B54-A1C3-4C2D7260E1C6}.Debug|Any CPU.ActiveCfg = Debug|Any CPU
		{BF83B7BE-6CCD-4B54-A1C3-4C2D7260E1C6}.Debug|Any CPU.Build.0 = Debug|Any CPU
		{BF83B7BE-6CCD-4B54-A1C3-4C2D7260E1C6}.Debug|ARM.ActiveCfg = Debug|ARM
		{BF83B7BE-6CCD-4B54-A1C3-4C2D7260E1C6}.Debug|ARM.Build.0 = Debug|ARM
		{BF83B7BE-6CCD-4B54-A1C3-4C2D7260E1C6}.Debug|x64.ActiveCfg = Debug|x64
		{BF83B7BE-6CCD-4B54-A1C3-4C2D7260E1C6}.Debug|x64.Build.0 = Debug|x64
		{BF83B7BE-6CCD-4B54-A1C3-4C2D7260E1C6}.Debug|x86.ActiveCfg = Debug|x86
		{BF83B7BE-6CCD-4B54-A1C3-4C2D7260E1C6}.Debug|x86.Build.0 = Debug|x86
		{BF83B7BE-6CCD-4B54-A1C3-4C2D7260E1C6}.Release|Any CPU.ActiveCfg = Release|Any CPU
		{BF83B7BE-6CCD-4B54-A1C3-4C2D7260E1C6}.Release|Any CPU.Build.0 = Release|Any CPU
		{BF83B7BE-6CCD-4B54-A1C3-4C2D7260E1C6}.Release|ARM.ActiveCfg = Release|ARM
		{BF83B7BE-6CCD-4B54-A1C3-4C2D7260E1C6}.Release|ARM.Build.0 = Release|ARM
		{BF83B7BE-6CCD-4B54-A1C3-4C2D7260E1C6}.Release|x64.ActiveCfg = Release|x64
		{BF83B7BE-6CCD-4B54-A1C3-4C2D7260E1C6}.Release|x64.Build.0 = Release|x64
		{BF83B7BE-6CCD-4B54-A1C3-4C2D7260E1C6}.Release|x86.ActiveCfg = Release|x86
		{BF83B7BE-6CCD-4B54-A1C3-4C2D7260E1C6}.Release|x86.Build.0 = Release|x86
	EndGlobalSection
	GlobalSection(SolutionProperties) = preSolution
		HideSolutionNode = FALSE
	EndGlobalSection
	GlobalSection(ExtensibilityGlobals) = postSolution
		SolutionGuid = {7E782549-88C0-4B13-BAC0-670657554E27}
	EndGlobalSection
EndGlobal
